
Microsoft Visual Studio Solution File, Format Version 12.00
# Visual Studio Version 17
VisualStudioVersion = 17.8.34511.84
MinimumVisualStudioVersion = 10.0.40219.1
Project("{8BC9CEB8-8B4A-11D0-8D11-00A0C91BC942}") = "pr4c++", "pr4c++\pr4c++.vcxproj", "{5ADABB8C-C235-4BA0-9C74-9CFCC5A6F70F}"
EndProject
Global
	GlobalSection(SolutionConfigurationPlatforms) = preSolution
		Debug|x64 = Debug|x64
		Debug|x86 = Debug|x86
		Release|x64 = Release|x64
		Release|x86 = Release|x86
	EndGlobalSection
	GlobalSection(ProjectConfigurationPlatforms) = postSolution
		{5ADABB8C-C235-4BA0-9C74-9CFCC5A6F70F}.Debug|x64.ActiveCfg = Debug|x64
		{5ADABB8C-C235-4BA0-9C74-9CFCC5A6F70F}.Debug|x64.Build.0 = Debug|x64
		{5ADABB8C-C235-4BA0-9C74-9CFCC5A6F70F}.Debug|x86.ActiveCfg = Debug|Win32
		{5ADABB8C-C235-4BA0-9C74-9CFCC5A6F70F}.Debug|x86.Build.0 = Debug|Win32
		{5ADABB8C-C235-4BA0-9C74-9CFCC5A6F70F}.Release|x64.ActiveCfg = Release|x64
		{5ADABB8C-C235-4BA0-9C74-9CFCC5A6F70F}.Release|x64.Build.0 = Release|x64
		{5ADABB8C-C235-4BA0-9C74-9CFCC5A6F70F}.Release|x86.ActiveCfg = Release|Win32
		{5ADABB8C-C235-4BA0-9C74-9CFCC5A6F70F}.Release|x86.Build.0 = Release|Win32
	EndGlobalSection
	GlobalSection(SolutionProperties) = preSolution
		HideSolutionNode = FALSE
	EndGlobalSection
	GlobalSection(ExtensibilityGlobals) = postSolution
		SolutionGuid = {3DF74602-032A-4042-82DD-39AD9FCD2D0B}
	EndGlobalSection
EndGlobal
